PODS:
  - Commander (0.8.0)
  - PathKit (0.8.0)
  - Stencil (0.11.0):
    - PathKit (~> 0.8.0)
  - StencilSwiftKit (2.5.0):
    - Stencil (~> 0.11)
  - Yams (0.7.0)

DEPENDENCIES:
  - Commander (from `https://github.com/kylef/Commander.git`)
  - PathKit
  - Stencil
  - StencilSwiftKit (from `https://github.com/SwiftGen/StencilSwiftKit.git`)
  - Yams

SPEC REPOS:
  https://github.com/cocoapods/specs.git:
    - PathKit
    - Stencil
    - Yams

EXTERNAL SOURCES:
  Commander:
    :git: https://github.com/kylef/Commander.git
  StencilSwiftKit:
    :git: https://github.com/SwiftGen/StencilSwiftKit.git

CHECKOUT OPTIONS:
  Commander:
    :commit: 314f8d7455e25e60e9e9b850040eebd0a87f2527
    :git: https://github.com/kylef/Commander.git
  StencilSwiftKit:
    :commit: 561bce58ff7cc586fe2fe4311548d9d55449179f
    :git: https://github.com/SwiftGen/StencilSwiftKit.git

SPEC CHECKSUMS:
  Commander: 6a0e04e11a6cc61b564ba247505e93aaa00032d3
  PathKit: dcab05d701474011aae0e40cf892298a831f63d6
  Stencil: a1873ecd92cbc053c6b391de7583b9f5bfbb3de6
  StencilSwiftKit: 0be4d4897cf83e9c463caa14f4732454afb33ae6
  Yams: 9dfe90be5b942df6fa42ead8e6f0313e05600755

PODFILE CHECKSUM: 74c5c5f4b84d5e00db5117332eceb96b9c3a3ecc

COCOAPODS: 1.5.2
