PODS:
  - Commander (0.6.0)
  - PathKit (0.8.0)
  - Stencil (0.9.0):
    - PathKit (~> 0.8.0)
  - StencilSwiftKit (2.0.1):
    - Stencil (~> 0.9.0)
  - Yams (0.5.0)

DEPENDENCIES:
  - Commander (~> 0.6.0)
  - PathKit (~> 0.8.0)
  - Stencil (~> 0.9.0)
  - StencilSwiftKit (~> 2.0.0)
  - Yams (~> 0.3)

SPEC CHECKSUMS:
  Commander: fba7c96c9e787ecc8ebe0737be875e1e18ef47ff
  PathKit: dcab05d701474011aae0e40cf892298a831f63d6
  Stencil: 510f0b0518a366b67b6a9c5085a0399741b6d2f9
  StencilSwiftKit: 1f77f00fb251de992e962f1311e8f418713dab9c
  Yams: 58b13424ca380835c4c797bc775ce6cbb3bc0167

PODFILE CHECKSUM: 6b16ac77f9fbf7d9149d35b12e5050d7551aa151

COCOAPODS: 1.4.0.rc.1
